
Microsoft Visual Studio Solution File, Format Version 12.00
# Visual Studio Version 16
VisualStudioVersion = 16.0.29926.136
MinimumVisualStudioVersion = 10.0.40219.1
Project("{FAE04EC0-301F-11D3-BF4B-00C04F79EFBC}") = "HotelBooking", "HotelBooking\HotelBooking.csproj", "{AA42A93A-E860-4622-A5B7-72C3B6A25C20}"
EndProject
Project("{FAE04EC0-301F-11D3-BF4B-00C04F79EFBC}") = "HotelBookingTests", "HotelBookingTests\HotelBookingTests.csproj", "{62BB9C59-2838-47F5-8953-F4DAE32465E5}"
EndProject
Global
	GlobalSection(SolutionConfigurationPlatforms) = preSolution
		Debug|Any CPU = Debug|Any CPU
		Release|Any CPU = Release|Any CPU
	EndGlobalSection
	GlobalSection(ProjectConfigurationPlatforms) = postSolution
		{AA42A93A-E860-4622-A5B7-72C3B6A25C20}.Debug|Any CPU.ActiveCfg = Debug|Any CPU
		{AA42A93A-E860-4622-A5B7-72C3B6A25C20}.Debug|Any CPU.Build.0 = Debug|Any CPU
		{AA42A93A-E860-4622-A5B7-72C3B6A25C20}.Release|Any CPU.ActiveCfg = Release|Any CPU
		{AA42A93A-E860-4622-A5B7-72C3B6A25C20}.Release|Any CPU.Build.0 = Release|Any CPU
		{62BB9C59-2838-47F5-8953-F4DAE32465E5}.Debug|Any CPU.ActiveCfg = Debug|Any CPU
		{62BB9C59-2838-47F5-8953-F4DAE32465E5}.Debug|Any CPU.Build.0 = Debug|Any CPU
		{62BB9C59-2838-47F5-8953-F4DAE32465E5}.Release|Any CPU.ActiveCfg = Release|Any CPU
		{62BB9C59-2838-47F5-8953-F4DAE32465E5}.Release|Any CPU.Build.0 = Release|Any CPU
	EndGlobalSection
	GlobalSection(SolutionProperties) = preSolution
		HideSolutionNode = FALSE
	EndGlobalSection
	GlobalSection(ExtensibilityGlobals) = postSolution
		SolutionGuid = {E78B10BF-A802-4DE5-8467-AD5EFFD05E05}
	EndGlobalSection
EndGlobal
